
Microsoft Visual Studio Solution File, Format Version 12.00
# Visual Studio 15
VisualStudioVersion = 15.0.27428.1
MinimumVisualStudioVersion = 10.0.40219.1
Project("{FAE04EC0-301F-11D3-BF4B-00C04F79EFBC}") = "GoogleLogin", "GoogleLogin\GoogleLogin.csproj", "{A4C7C692-2E98-45AA-B1A3-1FE3BD689958}"
EndProject
Global
	GlobalSection(SolutionConfigurationPlatforms) = preSolution
		Debug|ARM = Debug|ARM
		Debug|x64 = Debug|x64
		Debug|x86 = Debug|x86
		Release|ARM = Release|ARM
		Release|x64 = Release|x64
		Release|x86 = Release|x86
	EndGlobalSection
	GlobalSection(ProjectConfigurationPlatforms) = postSolution
		{A4C7C692-2E98-45AA-B1A3-1FE3BD689958}.Debug|ARM.ActiveCfg = Debug|ARM
		{A4C7C692-2E98-45AA-B1A3-1FE3BD689958}.Debug|ARM.Build.0 = Debug|ARM
		{A4C7C692-2E98-45AA-B1A3-1FE3BD689958}.Debug|ARM.Deploy.0 = Debug|ARM
		{A4C7C692-2E98-45AA-B1A3-1FE3BD689958}.Debug|x64.ActiveCfg = Debug|x64
		{A4C7C692-2E98-45AA-B1A3-1FE3BD689958}.Debug|x64.Build.0 = Debug|x64
		{A4C7C692-2E98-45AA-B1A3-1FE3BD689958}.Debug|x64.Deploy.0 = Debug|x64
		{A4C7C692-2E98-45AA-B1A3-1FE3BD689958}.Debug|x86.ActiveCfg = Debug|x86
		{A4C7C692-2E98-45AA-B1A3-1FE3BD689958}.Debug|x86.Build.0 = Debug|x86
		{A4C7C692-2E98-45AA-B1A3-1FE3BD689958}.Debug|x86.Deploy.0 = Debug|x86
		{A4C7C692-2E98-45AA-B1A3-1FE3BD689958}.Release|ARM.ActiveCfg = Release|ARM
		{A4C7C692-2E98-45AA-B1A3-1FE3BD689958}.Release|ARM.Build.0 = Release|ARM
		{A4C7C692-2E98-45AA-B1A3-1FE3BD689958}.Release|ARM.Deploy.0 = Release|ARM
		{A4C7C692-2E98-45AA-B1A3-1FE3BD689958}.Release|x64.ActiveCfg = Release|x64
		{A4C7C692-2E98-45AA-B1A3-1FE3BD689958}.Release|x64.Build.0 = Release|x64
		{A4C7C692-2E98-45AA-B1A3-1FE3BD689958}.Release|x64.Deploy.0 = Release|x64
		{A4C7C692-2E98-45AA-B1A3-1FE3BD689958}.Release|x86.ActiveCfg = Release|x86
		{A4C7C692-2E98-45AA-B1A3-1FE3BD689958}.Release|x86.Build.0 = Release|x86
		{A4C7C692-2E98-45AA-B1A3-1FE3BD689958}.Release|x86.Deploy.0 = Release|x86
	EndGlobalSection
	GlobalSection(SolutionProperties) = preSolution
		HideSolutionNode = FALSE
	EndGlobalSection
	GlobalSection(ExtensibilityGlobals) = postSolution
		SolutionGuid = {12D78C1D-C385-41C3-850C-1E9564588068}
	EndGlobalSection
EndGlobal
